
Microsoft Visual Studio Solution File, Format Version 12.00
# Visual Studio Version 16
VisualStudioVersion = 16.0.31112.23
MinimumVisualStudioVersion = 10.0.40219.1
Project("{9A19103F-16F7-4668-BE54-9A1E7A4F7556}") = "Nemo", "src\Nemo\Nemo.csproj", "{C1F87B42-B17E-4648-83D0-973074129C75}"
EndProject
Project("{FAE04EC0-301F-11D3-BF4B-00C04F79EFBC}") = "Nemo.Test", "tests\Nemo.Test\Nemo.Test.csproj", "{1F1DA800-4EC1-44CE-9B7B-C2C3E3E6EC3E}"
	ProjectSection(ProjectDependencies) = postProject
		{C1F87B42-B17E-4648-83D0-973074129C75} = {C1F87B42-B17E-4648-83D0-973074129C75}
	EndProjectSection
EndProject
Project("{9A19103F-16F7-4668-BE54-9A1E7A4F7556}") = "Nemo.Test.Core", "tests\Nemo.Test.Core\Nemo.Test.Core.csproj", "{4A157EAE-D0DB-45A5-A25D-C9F353407FD0}"
EndProject
Project("{FAE04EC0-301F-11D3-BF4B-00C04F79EFBC}") = "Nemo.Benchmark", "tests\Nemo.Benchmark\Nemo.Benchmark.csproj", "{17B9A683-9303-4DCB-9EAE-313A63C1E5B8}"
EndProject
Project("{9A19103F-16F7-4668-BE54-9A1E7A4F7556}") = "Nemo.UnitTests", "tests\Nemo.UnitTests\Nemo.UnitTests.csproj", "{A1B2C3D4-E5F6-7890-ABCD-EF1234567890}"
EndProject
Global
	GlobalSection(SolutionConfigurationPlatforms) = preSolution
		Debug|Any CPU = Debug|Any CPU
		Release|Any CPU = Release|Any CPU
	EndGlobalSection
	GlobalSection(ProjectConfigurationPlatforms) = postSolution
		{C1F87B42-B17E-4648-83D0-973074129C75}.Debug|Any CPU.ActiveCfg = Debug|Any CPU
		{C1F87B42-B17E-4648-83D0-973074129C75}.Debug|Any CPU.Build.0 = Debug|Any CPU
		{C1F87B42-B17E-4648-83D0-973074129C75}.Release|Any CPU.ActiveCfg = Release|Any CPU
		{C1F87B42-B17E-4648-83D0-973074129C75}.Release|Any CPU.Build.0 = Release|Any CPU
		{1F1DA800-4EC1-44CE-9B7B-C2C3E3E6EC3E}.Debug|Any CPU.ActiveCfg = Debug|Any CPU
		{1F1DA800-4EC1-44CE-9B7B-C2C3E3E6EC3E}.Debug|Any CPU.Build.0 = Debug|Any CPU
		{1F1DA800-4EC1-44CE-9B7B-C2C3E3E6EC3E}.Release|Any CPU.ActiveCfg = Release|Any CPU
		{1F1DA800-4EC1-44CE-9B7B-C2C3E3E6EC3E}.Release|Any CPU.Build.0 = Release|Any CPU
		{4A157EAE-D0DB-45A5-A25D-C9F353407FD0}.Debug|Any CPU.ActiveCfg = Debug|Any CPU
		{4A157EAE-D0DB-45A5-A25D-C9F353407FD0}.Debug|Any CPU.Build.0 = Debug|Any CPU
		{4A157EAE-D0DB-45A5-A25D-C9F353407FD0}.Release|Any CPU.ActiveCfg = Release|Any CPU
		{4A157EAE-D0DB-45A5-A25D-C9F353407FD0}.Release|Any CPU.Build.0 = Release|Any CPU
		{17B9A683-9303-4DCB-9EAE-313A63C1E5B8}.Debug|Any CPU.ActiveCfg = Debug|Any CPU
		{17B9A683-9303-4DCB-9EAE-313A63C1E5B8}.Debug|Any CPU.Build.0 = Debug|Any CPU
		{17B9A683-9303-4DCB-9EAE-313A63C1E5B8}.Release|Any CPU.ActiveCfg = Release|Any CPU
		{17B9A683-9303-4DCB-9EAE-313A63C1E5B8}.Release|Any CPU.Build.0 = Release|Any CPU
		{A1B2C3D4-E5F6-7890-ABCD-EF1234567890}.Debug|Any CPU.ActiveCfg = Debug|Any CPU
		{A1B2C3D4-E5F6-7890-ABCD-EF1234567890}.Debug|Any CPU.Build.0 = Debug|Any CPU
		{A1B2C3D4-E5F6-7890-ABCD-EF1234567890}.Release|Any CPU.ActiveCfg = Release|Any CPU
		{A1B2C3D4-E5F6-7890-ABCD-EF1234567890}.Release|Any CPU.Build.0 = Release|Any CPU
	EndGlobalSection
	GlobalSection(SolutionProperties) = preSolution
		HideSolutionNode = FALSE
	EndGlobalSection
	GlobalSection(ExtensibilityGlobals) = postSolution
		SolutionGuid = {FB53EA1D-A0C6-456C-8928-19FE5357C136}
	EndGlobalSection
EndGlobal
